// !$*UTF8*$!
{
	archiveVersion = 1;
	classes = {
	};
	objectVersion = 51;
	objects = {

/* Begin PBXBuildFile section */
		5C1C39675CA12A79924FC154 /* Pods_HeatBall.framework in Frameworks */ = {isa = PBXBuildFile; fileRef = 4315EB48754B9EB8961C05CE /* Pods_HeatBall.framework */; };
		FB00096A23487F8C00C6E9B9 /* AppDelegate.swift in Sources */ = {isa = PBXBuildFile; fileRef = FB00096923487F8C00C6E9B9 /* AppDelegate.swift */; };
		FB00097023487F8C00C6E9B9 /* GameScene.swift in Sources */ = {isa = PBXBuildFile; fileRef = FB00096F23487F8C00C6E9B9 /* GameScene.swift */; };
		FB00097223487F8C00C6E9B9 /* GameViewController.swift in Sources */ = {isa = PBXBuildFile; fileRef = FB00097123487F8C00C6E9B9 /* GameViewController.swift */; };
		FB00097723487F8D00C6E9B9 /* Assets.xcassets in Resources */ = {isa = PBXBuildFile; fileRef = FB00097623487F8D00C6E9B9 /* Assets.xcassets */; };
		FB00097A23487F8D00C6E9B9 /* LaunchScreen.storyboard in Resources */ = {isa = PBXBuildFile; fileRef = FB00097823487F8D00C6E9B9 /* LaunchScreen.storyboard */; };
		FB1542A9234A7E67006955BE /* Identifier.swift in Sources */ = {isa = PBXBuildFile; fileRef = FB1542A8234A7E67006955BE /* Identifier.swift */; };
		FB1CA40A23490A2E00C235F9 /* WaitingToPlayState.swift in Sources */ = {isa = PBXBuildFile; fileRef = FB1CA40923490A2E00C235F9 /* WaitingToPlayState.swift */; };
		FB1CA40C23490A5900C235F9 /* GameOverState.swift in Sources */ = {isa = PBXBuildFile; fileRef = FB1CA40B23490A5900C235F9 /* GameOverState.swift */; };
		FB1CA40E23490A8400C235F9 /* PlayingState.swift in Sources */ = {isa = PBXBuildFile; fileRef = FB1CA40D23490A8400C235F9 /* PlayingState.swift */; };
		FB1CA41423492A8A00C235F9 /* Extensions.swift in Sources */ = {isa = PBXBuildFile; fileRef = FB1CA41323492A8A00C235F9 /* Extensions.swift */; };
		FB30C7EE234CBAFF00935DBD /* TutorialScene.swift in Sources */ = {isa = PBXBuildFile; fileRef = FB30C7ED234CBAFF00935DBD /* TutorialScene.swift */; };
		FB30C7F0234CC90D00935DBD /* Scene.swift in Sources */ = {isa = PBXBuildFile; fileRef = FB30C7EF234CC90D00935DBD /* Scene.swift */; };
		FB88FF59234FCBDD00A2D896 /* GoogleService-Info.plist in Resources */ = {isa = PBXBuildFile; fileRef = FB88FF58234FCBDD00A2D896 /* GoogleService-Info.plist */; };
		FBA27AEA2349DD3200511833 /* UserSettings.swift in Sources */ = {isa = PBXBuildFile; fileRef = FBA27AE92349DD3200511833 /* UserSettings.swift */; };
		FBA27AEE2349E24000511833 /* SettingsState.swift in Sources */ = {isa = PBXBuildFile; fileRef = FBA27AED2349E24000511833 /* SettingsState.swift */; };
		FBA27AF3234A131F00511833 /* pong.aiff in Resources */ = {isa = PBXBuildFile; fileRef = FBA27AF2234A131F00511833 /* pong.aiff */; };
		FBA27AF5234A268300511833 /* Asset.swift in Sources */ = {isa = PBXBuildFile; fileRef = FBA27AF4234A268300511833 /* Asset.swift */; };
		FBD70B67234B7374000D381E /* Rectangle.swift in Sources */ = {isa = PBXBuildFile; fileRef = FBD70B66234B7374000D381E /* Rectangle.swift */; };
		FBD70B69234B7746000D381E /* Shape.swift in Sources */ = {isa = PBXBuildFile; fileRef = FBD70B68234B7746000D381E /* Shape.swift */; };
		FBD70B6B234B814C000D381E /* Square.swift in Sources */ = {isa = PBXBuildFile; fileRef = FBD70B6A234B814C000D381E /* Square.swift */; };
		FBD70B6F234B8179000D381E /* Pentagon.swift in Sources */ = {isa = PBXBuildFile; fileRef = FBD70B6E234B8179000D381E /* Pentagon.swift */; };
		FBD70B71234B818F000D381E /* Hexagon.swift in Sources */ = {isa = PBXBuildFile; fileRef = FBD70B70234B818F000D381E /* Hexagon.swift */; };
		FBD70B73234B819E000D381E /* Circle.swift in Sources */ = {isa = PBXBuildFile; fileRef = FBD70B72234B819E000D381E /* Circle.swift */; };
		FBD70B75234B8F24000D381E /* BlockManager.swift in Sources */ = {isa = PBXBuildFile; fileRef = FBD70B74234B8F24000D381E /* BlockManager.swift */; };
		FBD70B77234B943A000D381E /* HeatBall.swift in Sources */ = {isa = PBXBuildFile; fileRef = FBD70B76234B943A000D381E /* HeatBall.swift */; };
		FBD70B79234BBE7A000D381E /* RewardState.swift in Sources */ = {isa = PBXBuildFile; fileRef = FBD70B78234BBE7A000D381E /* RewardState.swift */; };
		FBD70B7B234BC14A000D381E /* Life.swift in Sources */ = {isa = PBXBuildFile; fileRef = FBD70B7A234BC14A000D381E /* Life.swift */; };
		FBDB3C212418DEB400C9BB95 /* SKViewFactory.swift in Sources */ = {isa = PBXBuildFile; fileRef = FBDB3C202418DEB400C9BB95 /* SKViewFactory.swift */; };
/* End PBXBuildFile section */

/* Begin PBXFileReference section */
		12E3A691B6345D0E6E5C4421 /* Pods-HeatBall.debug.xcconfig */ = {isa = PBXFileReference; includeInIndex = 1; lastKnownFileType = text.xcconfig; name = "Pods-HeatBall.debug.xcconfig"; path = "Target Support Files/Pods-HeatBall/Pods-HeatBall.debug.xcconfig"; sourceTree = "<group>"; };
		4315EB48754B9EB8961C05CE /* Pods_HeatBall.framework */ = {isa = PBXFileReference; explicitFileType = wrapper.framework; includeInIndex = 0; path = Pods_HeatBall.framework; sourceTree = BUILT_PRODUCTS_DIR; };
		E9303BF1862128016CEA86B1 /* Pods-HeatBall.release.xcconfig */ = {isa = PBXFileReference; includeInIndex = 1; lastKnownFileType = text.xcconfig; name = "Pods-HeatBall.release.xcconfig"; path = "Target Support Files/Pods-HeatBall/Pods-HeatBall.release.xcconfig"; sourceTree = "<group>"; };
		FB00096623487F8C00C6E9B9 /* Heat Ball.app */ = {isa = PBXFileReference; explicitFileType = wrapper.application; includeInIndex = 0; path = "Heat Ball.app"; sourceTree = BUILT_PRODUCTS_DIR; };
		FB00096923487F8C00C6E9B9 /* AppDelegate.swift */ = {isa = PBXFileReference; lastKnownFileType = sourcecode.swift; path = AppDelegate.swift; sourceTree = "<group>"; };
		FB00096F23487F8C00C6E9B9 /* GameScene.swift */ = {isa = PBXFileReference; lastKnownFileType = sourcecode.swift; path = GameScene.swift; sourceTree = "<group>"; };
		FB00097123487F8C00C6E9B9 /* GameViewController.swift */ = {isa = PBXFileReference; lastKnownFileType = sourcecode.swift; path = GameViewController.swift; sourceTree = "<group>"; };
		FB00097623487F8D00C6E9B9 /* Assets.xcassets */ = {isa = PBXFileReference; lastKnownFileType = folder.assetcatalog; path = Assets.xcassets; sourceTree = "<group>"; };
		FB00097923487F8D00C6E9B9 /* Base */ = {isa = PBXFileReference; lastKnownFileType = file.storyboard; name = Base; path = Base.lproj/LaunchScreen.storyboard; sourceTree = "<group>"; };
		FB00097B23487F8D00C6E9B9 /* Info.plist */ = {isa = PBXFileReference; lastKnownFileType = text.plist.xml; path = Info.plist; sourceTree = "<group>"; };
		FB1542A8234A7E67006955BE /* Identifier.swift */ = {isa = PBXFileReference; lastKnownFileType = sourcecode.swift; path = Identifier.swift; sourceTree = "<group>"; };
		FB1CA40923490A2E00C235F9 /* WaitingToPlayState.swift */ = {isa = PBXFileReference; lastKnownFileType = sourcecode.swift; path = WaitingToPlayState.swift; sourceTree = "<group>"; };
		FB1CA40B23490A5900C235F9 /* GameOverState.swift */ = {isa = PBXFileReference; lastKnownFileType = sourcecode.swift; path = GameOverState.swift; sourceTree = "<group>"; };
		FB1CA40D23490A8400C235F9 /* PlayingState.swift */ = {isa = PBXFileReference; lastKnownFileType = sourcecode.swift; path = PlayingState.swift; sourceTree = "<group>"; };
		FB1CA41323492A8A00C235F9 /* Extensions.swift */ = {isa = PBXFileReference; lastKnownFileType = sourcecode.swift; path = Extensions.swift; sourceTree = "<group>"; };
		FB30C7ED234CBAFF00935DBD /* TutorialScene.swift */ = {isa = PBXFileReference; lastKnownFileType = sourcecode.swift; path = TutorialScene.swift; sourceTree = "<group>"; };
		FB30C7EF234CC90D00935DBD /* Scene.swift */ = {isa = PBXFileReference; lastKnownFileType = sourcecode.swift; path = Scene.swift; sourceTree = "<group>"; };
		FB88FF58234FCBDD00A2D896 /* GoogleService-Info.plist */ = {isa = PBXFileReference; fileEncoding = 4; lastKnownFileType = text.plist.xml; path = "GoogleService-Info.plist"; sourceTree = "<group>"; };
		FBA27AE92349DD3200511833 /* UserSettings.swift */ = {isa = PBXFileReference; lastKnownFileType = sourcecode.swift; path = UserSettings.swift; sourceTree = "<group>"; };
		FBA27AED2349E24000511833 /* SettingsState.swift */ = {isa = PBXFileReference; lastKnownFileType = sourcecode.swift; path = SettingsState.swift; sourceTree = "<group>"; };
		FBA27AF2234A131F00511833 /* pong.aiff */ = {isa = PBXFileReference; lastKnownFileType = audio.aiff; path = pong.aiff; sourceTree = "<group>"; };
		FBA27AF4234A268300511833 /* Asset.swift */ = {isa = PBXFileReference; lastKnownFileType = sourcecode.swift; path = Asset.swift; sourceTree = "<group>"; };
		FBD70B66234B7374000D381E /* Rectangle.swift */ = {isa = PBXFileReference; lastKnownFileType = sourcecode.swift; path = Rectangle.swift; sourceTree = "<group>"; };
		FBD70B68234B7746000D381E /* Shape.swift */ = {isa = PBXFileReference; lastKnownFileType = sourcecode.swift; path = Shape.swift; sourceTree = "<group>"; };
		FBD70B6A234B814C000D381E /* Square.swift */ = {isa = PBXFileReference; lastKnownFileType = sourcecode.swift; path = Square.swift; sourceTree = "<group>"; };
		FBD70B6E234B8179000D381E /* Pentagon.swift */ = {isa = PBXFileReference; lastKnownFileType = sourcecode.swift; path = Pentagon.swift; sourceTree = "<group>"; };
		FBD70B70234B818F000D381E /* Hexagon.swift */ = {isa = PBXFileReference; lastKnownFileType = sourcecode.swift; path = Hexagon.swift; sourceTree = "<group>"; };
		FBD70B72234B819E000D381E /* Circle.swift */ = {isa = PBXFileReference; lastKnownFileType = sourcecode.swift; path = Circle.swift; sourceTree = "<group>"; };
		FBD70B74234B8F24000D381E /* BlockManager.swift */ = {isa = PBXFileReference; lastKnownFileType = sourcecode.swift; path = BlockManager.swift; sourceTree = "<group>"; };
		FBD70B76234B943A000D381E /* HeatBall.swift */ = {isa = PBXFileReference; lastKnownFileType = sourcecode.swift; path = HeatBall.swift; sourceTree = "<group>"; };
		FBD70B78234BBE7A000D381E /* RewardState.swift */ = {isa = PBXFileReference; lastKnownFileType = sourcecode.swift; path = RewardState.swift; sourceTree = "<group>"; };
		FBD70B7A234BC14A000D381E /* Life.swift */ = {isa = PBXFileReference; lastKnownFileType = sourcecode.swift; path = Life.swift; sourceTree = "<group>"; };
		FBDB3C202418DEB400C9BB95 /* SKViewFactory.swift */ = {isa = PBXFileReference; lastKnownFileType = sourcecode.swift; path = SKViewFactory.swift; sourceTree = "<group>"; };
		FBE66801234935840079C5E4 /* HeatBall.entitlements */ = {isa = PBXFileReference; lastKnownFileType = text.plist.entitlements; path = HeatBall.entitlements; sourceTree = "<group>"; };
/* End PBXFileReference section */

/* Begin PBXFrameworksBuildPhase section */
		FB00096323487F8C00C6E9B9 /* Frameworks */ = {
			isa = PBXFrameworksBuildPhase;
			buildActionMask = 2147483647;
			files = (
				5C1C39675CA12A79924FC154 /* Pods_HeatBall.framework in Frameworks */,
			);
			runOnlyForDeploymentPostprocessing = 0;
		};
/* End PBXFrameworksBuildPhase section */

/* Begin PBXGroup section */
		61EBA722BB279CA434050588 /* Frameworks */ = {
			isa = PBXGroup;
			children = (
				4315EB48754B9EB8961C05CE /* Pods_HeatBall.framework */,
			);
			name = Frameworks;
			sourceTree = "<group>";
		};
		C3AB2B549AE622579A1282ED /* Pods */ = {
			isa = PBXGroup;
			children = (
				12E3A691B6345D0E6E5C4421 /* Pods-HeatBall.debug.xcconfig */,
				E9303BF1862128016CEA86B1 /* Pods-HeatBall.release.xcconfig */,
			);
			path = Pods;
			sourceTree = "<group>";
		};
		FB00095D23487F8C00C6E9B9 = {
			isa = PBXGroup;
			children = (
				FBE66801234935840079C5E4 /* HeatBall.entitlements */,
				FB00096823487F8C00C6E9B9 /* HeatBall */,
				FB00096723487F8C00C6E9B9 /* Products */,
				C3AB2B549AE622579A1282ED /* Pods */,
				61EBA722BB279CA434050588 /* Frameworks */,
			);
			sourceTree = "<group>";
		};
		FB00096723487F8C00C6E9B9 /* Products */ = {
			isa = PBXGroup;
			children = (
				FB00096623487F8C00C6E9B9 /* Heat Ball.app */,
			);
			name = Products;
			sourceTree = "<group>";
		};
		FB00096823487F8C00C6E9B9 /* HeatBall */ = {
			isa = PBXGroup;
			children = (
				FB00097B23487F8D00C6E9B9 /* Info.plist */,
				FB88FF58234FCBDD00A2D896 /* GoogleService-Info.plist */,
				FB00096923487F8C00C6E9B9 /* AppDelegate.swift */,
				FB00097123487F8C00C6E9B9 /* GameViewController.swift */,
				FB88FF57234FC97000A2D896 /* Resources */,
				FBD1E55D2350A39C006C9CAD /* Game */,
				FBD1E55C2350A36E006C9CAD /* Shapes */,
				FBD1E55E2350A3AF006C9CAD /* Utilities */,
			);
			path = HeatBall;
			sourceTree = "<group>";
		};
		FB88FF57234FC97000A2D896 /* Resources */ = {
			isa = PBXGroup;
			children = (
				FB00097623487F8D00C6E9B9 /* Assets.xcassets */,
				FB00097823487F8D00C6E9B9 /* LaunchScreen.storyboard */,
				FBA27AF2234A131F00511833 /* pong.aiff */,
			);
			path = Resources;
			sourceTree = "<group>";
		};
		FBD1E55B2350A35E006C9CAD /* State */ = {
			isa = PBXGroup;
			children = (
				FB1CA40923490A2E00C235F9 /* WaitingToPlayState.swift */,
				FB1CA40D23490A8400C235F9 /* PlayingState.swift */,
				FBD70B78234BBE7A000D381E /* RewardState.swift */,
				FB1CA40B23490A5900C235F9 /* GameOverState.swift */,
				FBA27AED2349E24000511833 /* SettingsState.swift */,
			);
			path = State;
			sourceTree = "<group>";
		};
		FBD1E55C2350A36E006C9CAD /* Shapes */ = {
			isa = PBXGroup;
			children = (
				FBD70B68234B7746000D381E /* Shape.swift */,
				FBD70B66234B7374000D381E /* Rectangle.swift */,
				FBD70B6A234B814C000D381E /* Square.swift */,
				FBD70B6E234B8179000D381E /* Pentagon.swift */,
				FBD70B70234B818F000D381E /* Hexagon.swift */,
				FBD70B72234B819E000D381E /* Circle.swift */,
				FBD70B76234B943A000D381E /* HeatBall.swift */,
				FBD70B7A234BC14A000D381E /* Life.swift */,
			);
			path = Shapes;
			sourceTree = "<group>";
		};
		FBD1E55D2350A39C006C9CAD /* Game */ = {
			isa = PBXGroup;
			children = (
				FBD1E55B2350A35E006C9CAD /* State */,
				FB30C7EF234CC90D00935DBD /* Scene.swift */,
				FB00096F23487F8C00C6E9B9 /* GameScene.swift */,
				FB30C7ED234CBAFF00935DBD /* TutorialScene.swift */,
			);
			path = Game;
			sourceTree = "<group>";
		};
		FBD1E55E2350A3AF006C9CAD /* Utilities */ = {
			isa = PBXGroup;
			children = (
				FBD70B74234B8F24000D381E /* BlockManager.swift */,
				FBDB3C202418DEB400C9BB95 /* SKViewFactory.swift */,
				FBA27AE92349DD3200511833 /* UserSettings.swift */,
				FB1CA41323492A8A00C235F9 /* Extensions.swift */,
				FBA27AF4234A268300511833 /* Asset.swift */,
				FB1542A8234A7E67006955BE /* Identifier.swift */,
			);
			path = Utilities;
			sourceTree = "<group>";
		};
/* End PBXGroup section */

/* Begin PBXNativeTarget section */
		FB00096523487F8C00C6E9B9 /* HeatBall */ = {
			isa = PBXNativeTarget;
			buildConfigurationList = FB00097E23487F8D00C6E9B9 /* Build configuration list for PBXNativeTarget "HeatBall" */;
			buildPhases = (
				564479621EE554DFF18D20BC /* [CP] Check Pods Manifest.lock */,
				FB00096223487F8C00C6E9B9 /* Sources */,
				FB00096323487F8C00C6E9B9 /* Frameworks */,
				FB00096423487F8C00C6E9B9 /* Resources */,
				DD3B98070A77CA52BED5480A /* [CP] Embed Pods Frameworks */,
			);
			buildRules = (
			);
			dependencies = (
			);
			name = HeatBall;
			productName = Ball;
			productReference = FB00096623487F8C00C6E9B9 /* Heat Ball.app */;
			productType = "com.apple.product-type.application";
		};
/* End PBXNativeTarget section */

/* Begin PBXProject section */
		FB00095E23487F8C00C6E9B9 /* Project object */ = {
			isa = PBXProject;
			attributes = {
				LastSwiftUpdateCheck = 1100;
				LastUpgradeCheck = 1100;
				ORGANIZATIONNAME = "Atilla Özder";
				TargetAttributes = {
					FB00096523487F8C00C6E9B9 = {
						CreatedOnToolsVersion = 11.0;
					};
				};
			};
			buildConfigurationList = FB00096123487F8C00C6E9B9 /* Build configuration list for PBXProject "HeatBall" */;
			compatibilityVersion = "Xcode 9.3";
			developmentRegion = en;
			hasScannedForEncodings = 0;
			knownRegions = (
				en,
				Base,
			);
			mainGroup = FB00095D23487F8C00C6E9B9;
			productRefGroup = FB00096723487F8C00C6E9B9 /* Products */;
			projectDirPath = "";
			projectRoot = "";
			targets = (
				FB00096523487F8C00C6E9B9 /* HeatBall */,
			);
		};
/* End PBXProject section */

/* Begin PBXResourcesBuildPhase section */
		FB00096423487F8C00C6E9B9 /* Resources */ = {
			isa = PBXResourcesBuildPhase;
			buildActionMask = 2147483647;
			files = (
				FB00097723487F8D00C6E9B9 /* Assets.xcassets in Resources */,
				FB88FF59234FCBDD00A2D896 /* GoogleService-Info.plist in Resources */,
				FBA27AF3234A131F00511833 /* pong.aiff in Resources */,
				FB00097A23487F8D00C6E9B9 /* LaunchScreen.storyboard in Resources */,
			);
			runOnlyForDeploymentPostprocessing = 0;
		};
/* End PBXResourcesBuildPhase section */

/* Begin PBXShellScriptBuildPhase section */
		564479621EE554DFF18D20BC /* [CP] Check Pods Manifest.lock */ = {
			isa = PBXShellScriptBuildPhase;
			buildActionMask = 2147483647;
			files = (
			);
			inputFileListPaths = (
			);
			inputPaths = (
				"${PODS_PODFILE_DIR_PATH}/Podfile.lock",
				"${PODS_ROOT}/Manifest.lock",
			);
			name = "[CP] Check Pods Manifest.lock";
			outputFileListPaths = (
			);
			outputPaths = (
				"$(DERIVED_FILE_DIR)/Pods-HeatBall-checkManifestLockResult.txt",
			);
			runOnlyForDeploymentPostprocessing = 0;
			shellPath = /bin/sh;
			shellScript = "diff \"${PODS_PODFILE_DIR_PATH}/Podfile.lock\" \"${PODS_ROOT}/Manifest.lock\" > /dev/null\nif [ $? != 0 ] ; then\n    # print error to STDERR\n    echo \"error: The sandbox is not in sync with the Podfile.lock. Run 'pod install' or update your CocoaPods installation.\" >&2\n    exit 1\nfi\n# This output is used by Xcode 'outputs' to avoid re-running this script phase.\necho \"SUCCESS\" > \"${SCRIPT_OUTPUT_FILE_0}\"\n";
			showEnvVarsInLog = 0;
		};
		DD3B98070A77CA52BED5480A /* [CP] Embed Pods Frameworks */ = {
			isa = PBXShellScriptBuildPhase;
			buildActionMask = 2147483647;
			files = (
			);
			inputFileListPaths = (
				"${PODS_ROOT}/Target Support Files/Pods-HeatBall/Pods-HeatBall-frameworks-${CONFIGURATION}-input-files.xcfilelist",
			);
			name = "[CP] Embed Pods Frameworks";
			outputFileListPaths = (
				"${PODS_ROOT}/Target Support Files/Pods-HeatBall/Pods-HeatBall-frameworks-${CONFIGURATION}-output-files.xcfilelist",
			);
			runOnlyForDeploymentPostprocessing = 0;
			shellPath = /bin/sh;
			shellScript = "\"${PODS_ROOT}/Target Support Files/Pods-HeatBall/Pods-HeatBall-frameworks.sh\"\n";
			showEnvVarsInLog = 0;
		};
/* End PBXShellScriptBuildPhase section */

/* Begin PBXSourcesBuildPhase section */
		FB00096223487F8C00C6E9B9 /* Sources */ = {
			isa = PBXSourcesBuildPhase;
			buildActionMask = 2147483647;
			files = (
				FB1CA40E23490A8400C235F9 /* PlayingState.swift in Sources */,
				FB1542A9234A7E67006955BE /* Identifier.swift in Sources */,
				FBD70B67234B7374000D381E /* Rectangle.swift in Sources */,
				FB30C7F0234CC90D00935DBD /* Scene.swift in Sources */,
				FBD70B79234BBE7A000D381E /* RewardState.swift in Sources */,
				FBD70B69234B7746000D381E /* Shape.swift in Sources */,
				FB30C7EE234CBAFF00935DBD /* TutorialScene.swift in Sources */,
				FB1CA41423492A8A00C235F9 /* Extensions.swift in Sources */,
				FBD70B77234B943A000D381E /* HeatBall.swift in Sources */,
				FBD70B7B234BC14A000D381E /* Life.swift in Sources */,
				FB00097023487F8C00C6E9B9 /* GameScene.swift in Sources */,
				FBD70B6B234B814C000D381E /* Square.swift in Sources */,
				FB1CA40C23490A5900C235F9 /* GameOverState.swift in Sources */,
				FB00097223487F8C00C6E9B9 /* GameViewController.swift in Sources */,
				FBD70B71234B818F000D381E /* Hexagon.swift in Sources */,
				FBA27AEE2349E24000511833 /* SettingsState.swift in Sources */,
				FBA27AF5234A268300511833 /* Asset.swift in Sources */,
				FBD70B6F234B8179000D381E /* Pentagon.swift in Sources */,
				FBD70B73234B819E000D381E /* Circle.swift in Sources */,
				FBD70B75234B8F24000D381E /* BlockManager.swift in Sources */,
				FB1CA40A23490A2E00C235F9 /* WaitingToPlayState.swift in Sources */,
				FB00096A23487F8C00C6E9B9 /* AppDelegate.swift in Sources */,
				FBA27AEA2349DD3200511833 /* UserSettings.swift in Sources */,
				FBDB3C212418DEB400C9BB95 /* SKViewFactory.swift in Sources */,
			);
			runOnlyForDeploymentPostprocessing = 0;
		};
/* End PBXSourcesBuildPhase section */

/* Begin PBXVariantGroup section */
		FB00097823487F8D00C6E9B9 /* LaunchScreen.storyboard */ = {
			isa = PBXVariantGroup;
			children = (
				FB00097923487F8D00C6E9B9 /* Base */,
			);
			name = LaunchScreen.storyboard;
			sourceTree = "<group>";
		};
/* End PBXVariantGroup section */

/* Begin XCBuildConfiguration section */
		FB00097C23487F8D00C6E9B9 /* Debug */ = {
			isa = XCBuildConfiguration;
			buildSettings = {
				ALWAYS_SEARCH_USER_PATHS = NO;
				CLANG_ANALYZER_NONNULL = YES;
				CLANG_ANALYZER_NUMBER_OBJECT_CONVERSION = YES_AGGRESSIVE;
				CLANG_CXX_LANGUAGE_STANDARD = "gnu++14";
				CLANG_CXX_LIBRARY = "libc++";
				CLANG_ENABLE_MODULES = YES;
				CLANG_ENABLE_OBJC_ARC = YES;
				CLANG_ENABLE_OBJC_WEAK = YES;
				CLANG_WARN_BLOCK_CAPTURE_AUTORELEASING = YES;
				CLANG_WARN_BOOL_CONVERSION = YES;
				CLANG_WARN_COMMA = YES;
				CLANG_WARN_CONSTANT_CONVERSION = YES;
				CLANG_WARN_DEPRECATED_OBJC_IMPLEMENTATIONS = YES;
				CLANG_WARN_DIRECT_OBJC_ISA_USAGE = YES_ERROR;
				CLANG_WARN_DOCUMENTATION_COMMENTS = YES;
				CLANG_WARN_EMPTY_BODY = YES;
				CLANG_WARN_ENUM_CONVERSION = YES;
				CLANG_WARN_INFINITE_RECURSION = YES;
				CLANG_WARN_INT_CONVERSION = YES;
				CLANG_WARN_NON_LITERAL_NULL_CONVERSION = YES;
				CLANG_WARN_OBJC_IMPLICIT_RETAIN_SELF = YES;
				CLANG_WARN_OBJC_LITERAL_CONVERSION = YES;
				CLANG_WARN_OBJC_ROOT_CLASS = YES_ERROR;
				CLANG_WARN_RANGE_LOOP_ANALYSIS = YES;
				CLANG_WARN_STRICT_PROTOTYPES = YES;
				CLANG_WARN_SUSPICIOUS_MOVE = YES;
				CLANG_WARN_UNGUARDED_AVAILABILITY = YES_AGGRESSIVE;
				CLANG_WARN_UNREACHABLE_CODE = YES;
				CLANG_WARN__DUPLICATE_METHOD_MATCH = YES;
				COPY_PHASE_STRIP = NO;
				DEBUG_INFORMATION_FORMAT = dwarf;
				ENABLE_STRICT_OBJC_MSGSEND = YES;
				ENABLE_TESTABILITY = YES;
				GCC_C_LANGUAGE_STANDARD = gnu11;
				GCC_DYNAMIC_NO_PIC = NO;
				GCC_NO_COMMON_BLOCKS = YES;
				GCC_OPTIMIZATION_LEVEL = 0;
				GCC_PREPROCESSOR_DEFINITIONS = (
					"DEBUG=1",
					"$(inherited)",
				);
				GCC_WARN_64_TO_32_BIT_CONVERSION = YES;
				GCC_WARN_ABOUT_RETURN_TYPE = YES_ERROR;
				GCC_WARN_UNDECLARED_SELECTOR = YES;
				GCC_WARN_UNINITIALIZED_AUTOS = YES_AGGRESSIVE;
				GCC_WARN_UNUSED_FUNCTION = YES;
				GCC_WARN_UNUSED_VARIABLE = YES;
				IPHONEOS_DEPLOYMENT_TARGET = 9.0;
				MTL_ENABLE_DEBUG_INFO = INCLUDE_SOURCE;
				MTL_FAST_MATH = YES;
				ONLY_ACTIVE_ARCH = YES;
				SDKROOT = iphoneos;
				SWIFT_ACTIVE_COMPILATION_CONDITIONS = DEBUG;
				SWIFT_OPTIMIZATION_LEVEL = "-Onone";
			};
			name = Debug;
		};
		FB00097D23487F8D00C6E9B9 /* Release */ = {
			isa = XCBuildConfiguration;
			buildSettings = {
				ALWAYS_SEARCH_USER_PATHS = NO;
				CLANG_ANALYZER_NONNULL = YES;
				CLANG_ANALYZER_NUMBER_OBJECT_CONVERSION = YES_AGGRESSIVE;
				CLANG_CXX_LANGUAGE_STANDARD = "gnu++14";
				CLANG_CXX_LIBRARY = "libc++";
				CLANG_ENABLE_MODULES = YES;
				CLANG_ENABLE_OBJC_ARC = YES;
				CLANG_ENABLE_OBJC_WEAK = YES;
				CLANG_WARN_BLOCK_CAPTURE_AUTORELEASING = YES;
				CLANG_WARN_BOOL_CONVERSION = YES;
				CLANG_WARN_COMMA = YES;
				CLANG_WARN_CONSTANT_CONVERSION = YES;
				CLANG_WARN_DEPRECATED_OBJC_IMPLEMENTATIONS = YES;
				CLANG_WARN_DIRECT_OBJC_ISA_USAGE = YES_ERROR;
				CLANG_WARN_DOCUMENTATION_COMMENTS = YES;
				CLANG_WARN_EMPTY_BODY = YES;
				CLANG_WARN_ENUM_CONVERSION = YES;
				CLANG_WARN_INFINITE_RECURSION = YES;
				CLANG_WARN_INT_CONVERSION = YES;
				CLANG_WARN_NON_LITERAL_NULL_CONVERSION = YES;
				CLANG_WARN_OBJC_IMPLICIT_RETAIN_SELF = YES;
				CLANG_WARN_OBJC_LITERAL_CONVERSION = YES;
				CLANG_WARN_OBJC_ROOT_CLASS = YES_ERROR;
				CLANG_WARN_RANGE_LOOP_ANALYSIS = YES;
				CLANG_WARN_STRICT_PROTOTYPES = YES;
				CLANG_WARN_SUSPICIOUS_MOVE = YES;
				CLANG_WARN_UNGUARDED_AVAILABILITY = YES_AGGRESSIVE;
				CLANG_WARN_UNREACHABLE_CODE = YES;
				CLANG_WARN__DUPLICATE_METHOD_MATCH = YES;
				COPY_PHASE_STRIP = NO;
				DEBUG_INFORMATION_FORMAT = "dwarf-with-dsym";
				ENABLE_NS_ASSERTIONS = NO;
				ENABLE_STRICT_OBJC_MSGSEND = YES;
				GCC_C_LANGUAGE_STANDARD = gnu11;
				GCC_NO_COMMON_BLOCKS = YES;
				GCC_WARN_64_TO_32_BIT_CONVERSION = YES;
				GCC_WARN_ABOUT_RETURN_TYPE = YES_ERROR;
				GCC_WARN_UNDECLARED_SELECTOR = YES;
				GCC_WARN_UNINITIALIZED_AUTOS = YES_AGGRESSIVE;
				GCC_WARN_UNUSED_FUNCTION = YES;
				GCC_WARN_UNUSED_VARIABLE = YES;
				IPHONEOS_DEPLOYMENT_TARGET = 9.0;
				MTL_ENABLE_DEBUG_INFO = NO;
				MTL_FAST_MATH = YES;
				SDKROOT = iphoneos;
				SWIFT_COMPILATION_MODE = wholemodule;
				SWIFT_OPTIMIZATION_LEVEL = "-O";
				VALIDATE_PRODUCT = YES;
			};
			name = Release;
		};
		FB00097F23487F8D00C6E9B9 /* Debug */ = {
			isa = XCBuildConfiguration;
			baseConfigurationReference = 12E3A691B6345D0E6E5C4421 /* Pods-HeatBall.debug.xcconfig */;
			buildSettings = {
				ASSETCATALOG_COMPILER_APPICON_NAME = AppIcon;
				CODE_SIGN_ENTITLEMENTS = HeatBall.entitlements;
				CODE_SIGN_IDENTITY = "iPhone Developer";
				CODE_SIGN_STYLE = Manual;
				CURRENT_PROJECT_VERSION = 8;
				DEVELOPMENT_TEAM = 74NMDHX448;
				INFOPLIST_FILE = "$(SRCROOT)/src/Info.plist";
				IPHONEOS_DEPLOYMENT_TARGET = 9.0;
				LD_RUNPATH_SEARCH_PATHS = (
					"$(inherited)",
					"@executable_path/Frameworks",
				);
				MARKETING_VERSION = 1.0.7;
				PRODUCT_BUNDLE_IDENTIFIER = com.heatball.ios;
				PRODUCT_NAME = "Heat Ball";
				PROVISIONING_PROFILE_SPECIFIER = HeatBallDebugProfile;
				SWIFT_VERSION = 5.0;
				TARGETED_DEVICE_FAMILY = "1,2";
			};
			name = Debug;
		};
		FB00098023487F8D00C6E9B9 /* Release */ = {
			isa = XCBuildConfiguration;
			baseConfigurationReference = E9303BF1862128016CEA86B1 /* Pods-HeatBall.release.xcconfig */;
			buildSettings = {
				ASSETCATALOG_COMPILER_APPICON_NAME = AppIcon;
				CODE_SIGN_ENTITLEMENTS = HeatBall.entitlements;
				CODE_SIGN_IDENTITY = "iPhone Distribution";
				CODE_SIGN_STYLE = Manual;
				CURRENT_PROJECT_VERSION = 8;
				DEVELOPMENT_TEAM = 74NMDHX448;
				INFOPLIST_FILE = "$(SRCROOT)/src/Info.plist";
				IPHONEOS_DEPLOYMENT_TARGET = 9.0;
				LD_RUNPATH_SEARCH_PATHS = (
					"$(inherited)",
					"@executable_path/Frameworks",
				);
				MARKETING_VERSION = 1.0.7;
				PRODUCT_BUNDLE_IDENTIFIER = com.heatball.ios;
				PRODUCT_NAME = "Heat Ball";
				PROVISIONING_PROFILE_SPECIFIER = HeatBallReleaseProfile;
				SWIFT_VERSION = 5.0;
				TARGETED_DEVICE_FAMILY = "1,2";
			};
			name = Release;
		};
/* End XCBuildConfiguration section */

/* Begin XCConfigurationList section */
		FB00096123487F8C00C6E9B9 /* Build configuration list for PBXProject "HeatBall" */ = {
			isa = XCConfigurationList;
			buildConfigurations = (
				FB00097C23487F8D00C6E9B9 /* Debug */,
				FB00097D23487F8D00C6E9B9 /* Release */,
			);
			defaultConfigurationIsVisible = 0;
			defaultConfigurationName = Release;
		};
		FB00097E23487F8D00C6E9B9 /* Build configuration list for PBXNativeTarget "HeatBall" */ = {
			isa = XCConfigurationList;
			buildConfigurations = (
				FB00097F23487F8D00C6E9B9 /* Debug */,
				FB00098023487F8D00C6E9B9 /* Release */,
			);
			defaultConfigurationIsVisible = 0;
			defaultConfigurationName = Release;
		};
/* End XCConfigurationList section */
	};
	rootObject = FB00095E23487F8C00C6E9B9 /* Project object */;
}
